
Microsoft Visual Studio Solution File, Format Version 12.00
# Visual Studio Version 17
VisualStudioVersion = 17.3.32901.215
MinimumVisualStudioVersion = 10.0.40219.1
Project("{FAE04EC0-301F-11D3-BF4B-00C04F79EFBC}") = "liste_class", "liste_class\liste_class.csproj", "{0CBFD477-EDDB-4E07-BEE4-7821D0F20C3B}"
EndProject
Global
	GlobalSection(SolutionConfigurationPlatforms) = preSolution
		Debug|Any CPU = Debug|Any CPU
		Release|Any CPU = Release|Any CPU
	EndGlobalSection
	GlobalSection(ProjectConfigurationPlatforms) = postSolution
		{0CBFD477-EDDB-4E07-BEE4-7821D0F20C3B}.Debug|Any CPU.ActiveCfg = Debug|Any CPU
		{0CBFD477-EDDB-4E07-BEE4-7821D0F20C3B}.Debug|Any CPU.Build.0 = Debug|Any CPU
		{0CBFD477-EDDB-4E07-BEE4-7821D0F20C3B}.Release|Any CPU.ActiveCfg = Release|Any CPU
		{0CBFD477-EDDB-4E07-BEE4-7821D0F20C3B}.Release|Any CPU.Build.0 = Release|Any CPU
	EndGlobalSection
	GlobalSection(SolutionProperties) = preSolution
		HideSolutionNode = FALSE
	EndGlobalSection
	GlobalSection(ExtensibilityGlobals) = postSolution
		SolutionGuid = {72803E72-FC0A-48E4-8D13-0F5C780182B8}
	EndGlobalSection
EndGlobal
